// !$*UTF8*$!
{
	archiveVersion = 1;
	classes = {
	};
	objectVersion = 46;
	objects = {

/* Begin PBXBuildFile section */
		6A90B6751E0750E50024283E /* AppDelegate.swift in Sources */ = {isa = PBXBuildFile; fileRef = 6A90B6741E0750E50024283E /* AppDelegate.swift */; };
		6A90B6771E0750E50024283E /* GameScene.sks in Resources */ = {isa = PBXBuildFile; fileRef = 6A90B6761E0750E50024283E /* GameScene.sks */; };
		6A90B6791E0750E50024283E /* Actions.sks in Resources */ = {isa = PBXBuildFile; fileRef = 6A90B6781E0750E50024283E /* Actions.sks */; };
		6A90B67B1E0750E50024283E /* GameScene.swift in Sources */ = {isa = PBXBuildFile; fileRef = 6A90B67A1E0750E50024283E /* GameScene.swift */; };
		6A90B67D1E0750E50024283E /* GameViewController.swift in Sources */ = {isa = PBXBuildFile; fileRef = 6A90B67C1E0750E50024283E /* GameViewController.swift */; };
		6A90B6801E0750E50024283E /* Main.storyboard in Resources */ = {isa = PBXBuildFile; fileRef = 6A90B67E1E0750E50024283E /* Main.storyboard */; };
		6A90B6821E0750E50024283E /* Assets.xcassets in Resources */ = {isa = PBXBuildFile; fileRef = 6A90B6811E0750E50024283E /* Assets.xcassets */; };
		6A90B6851E0750E50024283E /* LaunchScreen.storyboard in Resources */ = {isa = PBXBuildFile; fileRef = 6A90B6831E0750E50024283E /* LaunchScreen.storyboard */; };
		6A90B6901E0750E50024283E /* Jack_The_GiantTests.swift in Sources */ = {isa = PBXBuildFile; fileRef = 6A90B68F1E0750E50024283E /* Jack_The_GiantTests.swift */; };
		6A90B69B1E0750E50024283E /* Jack_The_GiantUITests.swift in Sources */ = {isa = PBXBuildFile; fileRef = 6A90B69A1E0750E50024283E /* Jack_The_GiantUITests.swift */; };
/* End PBXBuildFile section */

/* Begin PBXContainerItemProxy section */
		6A90B68C1E0750E50024283E /* PBXContainerItemProxy */ = {
			isa = PBXContainerItemProxy;
			containerPortal = 6A90B6691E0750E50024283E /* Project object */;
			proxyType = 1;
			remoteGlobalIDString = 6A90B6701E0750E50024283E;
			remoteInfo = "Jack The Giant";
		};
		6A90B6971E0750E50024283E /* PBXContainerItemProxy */ = {
			isa = PBXContainerItemProxy;
			containerPortal = 6A90B6691E0750E50024283E /* Project object */;
			proxyType = 1;
			remoteGlobalIDString = 6A90B6701E0750E50024283E;
			remoteInfo = "Jack The Giant";
		};
/* End PBXContainerItemProxy section */

/* Begin PBXFileReference section */
		6A90B6711E0750E50024283E /* Jack The Giant.app */ = {isa = PBXFileReference; explicitFileType = wrapper.application; includeInIndex = 0; path = "Jack The Giant.app"; sourceTree = BUILT_PRODUCTS_DIR; };
		6A90B6741E0750E50024283E /* AppDelegate.swift */ = {isa = PBXFileReference; lastKnownFileType = sourcecode.swift; path = AppDelegate.swift; sourceTree = "<group>"; };
		6A90B6761E0750E50024283E /* GameScene.sks */ = {isa = PBXFileReference; lastKnownFileType = file.sks; path = GameScene.sks; sourceTree = "<group>"; };
		6A90B6781E0750E50024283E /* Actions.sks */ = {isa = PBXFileReference; lastKnownFileType = file.sks; path = Actions.sks; sourceTree = "<group>"; };
		6A90B67A1E0750E50024283E /* GameScene.swift */ = {isa = PBXFileReference; lastKnownFileType = sourcecode.swift; path = GameScene.swift; sourceTree = "<group>"; };
		6A90B67C1E0750E50024283E /* GameViewController.swift */ = {isa = PBXFileReference; lastKnownFileType = sourcecode.swift; path = GameViewController.swift; sourceTree = "<group>"; };
		6A90B67F1E0750E50024283E /* Base */ = {isa = PBXFileReference; lastKnownFileType = file.storyboard; name = Base; path = Base.lproj/Main.storyboard; sourceTree = "<group>"; };
		6A90B6811E0750E50024283E /* Assets.xcassets */ = {isa = PBXFileReference; lastKnownFileType = folder.assetcatalog; path = Assets.xcassets; sourceTree = "<group>"; };
		6A90B6841E0750E50024283E /* Base */ = {isa = PBXFileReference; lastKnownFileType = file.storyboard; name = Base; path = Base.lproj/LaunchScreen.storyboard; sourceTree = "<group>"; };
		6A90B6861E0750E50024283E /* Info.plist */ = {isa = PBXFileReference; lastKnownFileType = text.plist.xml; path = Info.plist; sourceTree = "<group>"; };
		6A90B68B1E0750E50024283E /* Jack The GiantTests.xctest */ = {isa = PBXFileReference; explicitFileType = wrapper.cfbundle; includeInIndex = 0; path = "Jack The GiantTests.xctest"; sourceTree = BUILT_PRODUCTS_DIR; };
		6A90B68F1E0750E50024283E /* Jack_The_GiantTests.swift */ = {isa = PBXFileReference; lastKnownFileType = sourcecode.swift; path = Jack_The_GiantTests.swift; sourceTree = "<group>"; };
		6A90B6911E0750E50024283E /* Info.plist */ = {isa = PBXFileReference; lastKnownFileType = text.plist.xml; path = Info.plist; sourceTree = "<group>"; };
		6A90B6961E0750E50024283E /* Jack The GiantUITests.xctest */ = {isa = PBXFileReference; explicitFileType = wrapper.cfbundle; includeInIndex = 0; path = "Jack The GiantUITests.xctest"; sourceTree = BUILT_PRODUCTS_DIR; };
		6A90B69A1E0750E50024283E /* Jack_The_GiantUITests.swift */ = {isa = PBXFileReference; lastKnownFileType = sourcecode.swift; path = Jack_The_GiantUITests.swift; sourceTree = "<group>"; };
		6A90B69C1E0750E50024283E /* Info.plist */ = {isa = PBXFileReference; lastKnownFileType = text.plist.xml; path = Info.plist; sourceTree = "<group>"; };
/* End PBXFileReference section */

/* Begin PBXFrameworksBuildPhase section */
		6A90B66E1E0750E50024283E /* Frameworks */ = {
			isa = PBXFrameworksBuildPhase;
			buildActionMask = 2147483647;
			files = (
			);
			runOnlyForDeploymentPostprocessing = 0;
		};
		6A90B6881E0750E50024283E /* Frameworks */ = {
			isa = PBXFrameworksBuildPhase;
			buildActionMask = 2147483647;
			files = (
			);
			runOnlyForDeploymentPostprocessing = 0;
		};
		6A90B6931E0750E50024283E /* Frameworks */ = {
			isa = PBXFrameworksBuildPhase;
			buildActionMask = 2147483647;
			files = (
			);
			runOnlyForDeploymentPostprocessing = 0;
		};
/* End PBXFrameworksBuildPhase section */

/* Begin PBXGroup section */
		6A90B6681E0750E50024283E = {
			isa = PBXGroup;
			children = (
				6A90B6731E0750E50024283E /* Jack The Giant */,
				6A90B68E1E0750E50024283E /* Jack The GiantTests */,
				6A90B6991E0750E50024283E /* Jack The GiantUITests */,
				6A90B6721E0750E50024283E /* Products */,
			);
			sourceTree = "<group>";
		};
		6A90B6721E0750E50024283E /* Products */ = {
			isa = PBXGroup;
			children = (
				6A90B6711E0750E50024283E /* Jack The Giant.app */,
				6A90B68B1E0750E50024283E /* Jack The GiantTests.xctest */,
				6A90B6961E0750E50024283E /* Jack The GiantUITests.xctest */,
			);
			name = Products;
			sourceTree = "<group>";
		};
		6A90B6731E0750E50024283E /* Jack The Giant */ = {
			isa = PBXGroup;
			children = (
				6A90B6741E0750E50024283E /* AppDelegate.swift */,
				6A90B6761E0750E50024283E /* GameScene.sks */,
				6A90B6781E0750E50024283E /* Actions.sks */,
				6A90B67A1E0750E50024283E /* GameScene.swift */,
				6A90B67C1E0750E50024283E /* GameViewController.swift */,
				6A90B67E1E0750E50024283E /* Main.storyboard */,
				6A90B6811E0750E50024283E /* Assets.xcassets */,
				6A90B6831E0750E50024283E /* LaunchScreen.storyboard */,
				6A90B6861E0750E50024283E /* Info.plist */,
			);
			path = "Jack The Giant";
			sourceTree = "<group>";
		};
		6A90B68E1E0750E50024283E /* Jack The GiantTests */ = {
			isa = PBXGroup;
			children = (
				6A90B68F1E0750E50024283E /* Jack_The_GiantTests.swift */,
				6A90B6911E0750E50024283E /* Info.plist */,
			);
			path = "Jack The GiantTests";
			sourceTree = "<group>";
		};
		6A90B6991E0750E50024283E /* Jack The GiantUITests */ = {
			isa = PBXGroup;
			children = (
				6A90B69A1E0750E50024283E /* Jack_The_GiantUITests.swift */,
				6A90B69C1E0750E50024283E /* Info.plist */,
			);
			path = "Jack The GiantUITests";
			sourceTree = "<group>";
		};
/* End PBXGroup section */

/* Begin PBXNativeTarget section */
		6A90B6701E0750E50024283E /* Jack The Giant */ = {
			isa = PBXNativeTarget;
			buildConfigurationList = 6A90B69F1E0750E50024283E /* Build configuration list for PBXNativeTarget "Jack The Giant" */;
			buildPhases = (
				6A90B66D1E0750E50024283E /* Sources */,
				6A90B66E1E0750E50024283E /* Frameworks */,
				6A90B66F1E0750E50024283E /* Resources */,
			);
			buildRules = (
			);
			dependencies = (
			);
			name = "Jack The Giant";
			productName = "Jack The Giant";
			productReference = 6A90B6711E0750E50024283E /* Jack The Giant.app */;
			productType = "com.apple.product-type.application";
		};
		6A90B68A1E0750E50024283E /* Jack The GiantTests */ = {
			isa = PBXNativeTarget;
			buildConfigurationList = 6A90B6A21E0750E50024283E /* Build configuration list for PBXNativeTarget "Jack The GiantTests" */;
			buildPhases = (
				6A90B6871E0750E50024283E /* Sources */,
				6A90B6881E0750E50024283E /* Frameworks */,
				6A90B6891E0750E50024283E /* Resources */,
			);
			buildRules = (
			);
			dependencies = (
				6A90B68D1E0750E50024283E /* PBXTargetDependency */,
			);
			name = "Jack The GiantTests";
			productName = "Jack The GiantTests";
			productReference = 6A90B68B1E0750E50024283E /* Jack The GiantTests.xctest */;
			productType = "com.apple.product-type.bundle.unit-test";
		};
		6A90B6951E0750E50024283E /* Jack The GiantUITests */ = {
			isa = PBXNativeTarget;
			buildConfigurationList = 6A90B6A51E0750E50024283E /* Build configuration list for PBXNativeTarget "Jack The GiantUITests" */;
			buildPhases = (
				6A90B6921E0750E50024283E /* Sources */,
				6A90B6931E0750E50024283E /* Frameworks */,
				6A90B6941E0750E50024283E /* Resources */,
			);
			buildRules = (
			);
			dependencies = (
				6A90B6981E0750E50024283E /* PBXTargetDependency */,
			);
			name = "Jack The GiantUITests";
			productName = "Jack The GiantUITests";
			productReference = 6A90B6961E0750E50024283E /* Jack The GiantUITests.xctest */;
			productType = "com.apple.product-type.bundle.ui-testing";
		};
/* End PBXNativeTarget section */

/* Begin PBXProject section */
		6A90B6691E0750E50024283E /* Project object */ = {
			isa = PBXProject;
			attributes = {
				LastSwiftUpdateCheck = 0820;
				LastUpgradeCheck = 0820;
				ORGANIZATIONNAME = "The Fox Game Studio";
				TargetAttributes = {
					6A90B6701E0750E50024283E = {
						CreatedOnToolsVersion = 8.2;
						DevelopmentTeam = DGH5JX25RJ;
						ProvisioningStyle = Automatic;
					};
					6A90B68A1E0750E50024283E = {
						CreatedOnToolsVersion = 8.2;
						DevelopmentTeam = DGH5JX25RJ;
						ProvisioningStyle = Automatic;
						TestTargetID = 6A90B6701E0750E50024283E;
					};
					6A90B6951E0750E50024283E = {
						CreatedOnToolsVersion = 8.2;
						DevelopmentTeam = DGH5JX25RJ;
						ProvisioningStyle = Automatic;
						TestTargetID = 6A90B6701E0750E50024283E;
					};
				};
			};
			buildConfigurationList = 6A90B66C1E0750E50024283E /* Build configuration list for PBXProject "Jack The Giant" */;
			compatibilityVersion = "Xcode 3.2";
			developmentRegion = English;
			hasScannedForEncodings = 0;
			knownRegions = (
				en,
				Base,
			);
			mainGroup = 6A90B6681E0750E50024283E;
			productRefGroup = 6A90B6721E0750E50024283E /* Products */;
			projectDirPath = "";
			projectRoot = "";
			targets = (
				6A90B6701E0750E50024283E /* Jack The Giant */,
				6A90B68A1E0750E50024283E /* Jack The GiantTests */,
				6A90B6951E0750E50024283E /* Jack The GiantUITests */,
			);
		};
/* End PBXProject section */

/* Begin PBXResourcesBuildPhase section */
		6A90B66F1E0750E50024283E /* Resources */ = {
			isa = PBXResourcesBuildPhase;
			buildActionMask = 2147483647;
			files = (
				6A90B6801E0750E50024283E /* Main.storyboard in Resources */,
				6A90B6771E0750E50024283E /* GameScene.sks in Resources */,
				6A90B6821E0750E50024283E /* Assets.xcassets in Resources */,
				6A90B6851E0750E50024283E /* LaunchScreen.storyboard in Resources */,
				6A90B6791E0750E50024283E /* Actions.sks in Resources */,
			);
			runOnlyForDeploymentPostprocessing = 0;
		};
		6A90B6891E0750E50024283E /* Resources */ = {
			isa = PBXResourcesBuildPhase;
			buildActionMask = 2147483647;
			files = (
			);
			runOnlyForDeploymentPostprocessing = 0;
		};
		6A90B6941E0750E50024283E /* Resources */ = {
			isa = PBXResourcesBuildPhase;
			buildActionMask = 2147483647;
			files = (
			);
			runOnlyForDeploymentPostprocessing = 0;
		};
/* End PBXResourcesBuildPhase section */

/* Begin PBXSourcesBuildPhase section */
		6A90B66D1E0750E50024283E /* Sources */ = {
			isa = PBXSourcesBuildPhase;
			buildActionMask = 2147483647;
			files = (
				6A90B67B1E0750E50024283E /* GameScene.swift in Sources */,
				6A90B67D1E0750E50024283E /* GameViewController.swift in Sources */,
				6A90B6751E0750E50024283E /* AppDelegate.swift in Sources */,
			);
			runOnlyForDeploymentPostprocessing = 0;
		};
		6A90B6871E0750E50024283E /* Sources */ = {
			isa = PBXSourcesBuildPhase;
			buildActionMask = 2147483647;
			files = (
				6A90B6901E0750E50024283E /* Jack_The_GiantTests.swift in Sources */,
			);
			runOnlyForDeploymentPostprocessing = 0;
		};
		6A90B6921E0750E50024283E /* Sources */ = {
			isa = PBXSourcesBuildPhase;
			buildActionMask = 2147483647;
			files = (
				6A90B69B1E0750E50024283E /* Jack_The_GiantUITests.swift in Sources */,
			);
			runOnlyForDeploymentPostprocessing = 0;
		};
/* End PBXSourcesBuildPhase section */

/* Begin PBXTargetDependency section */
		6A90B68D1E0750E50024283E /* PBXTargetDependency */ = {
			isa = PBXTargetDependency;
			target = 6A90B6701E0750E50024283E /* Jack The Giant */;
			targetProxy = 6A90B68C1E0750E50024283E /* PBXContainerItemProxy */;
		};
		6A90B6981E0750E50024283E /* PBXTargetDependency */ = {
			isa = PBXTargetDependency;
			target = 6A90B6701E0750E50024283E /* Jack The Giant */;
			targetProxy = 6A90B6971E0750E50024283E /* PBXContainerItemProxy */;
		};
/* End PBXTargetDependency section */

/* Begin PBXVariantGroup section */
		6A90B67E1E0750E50024283E /* Main.storyboard */ = {
			isa = PBXVariantGroup;
			children = (
				6A90B67F1E0750E50024283E /* Base */,
			);
			name = Main.storyboard;
			sourceTree = "<group>";
		};
		6A90B6831E0750E50024283E /* LaunchScreen.storyboard */ = {
			isa = PBXVariantGroup;
			children = (
				6A90B6841E0750E50024283E /* Base */,
			);
			name = LaunchScreen.storyboard;
			sourceTree = "<group>";
		};
/* End PBXVariantGroup section */

/* Begin XCBuildConfiguration section */
		6A90B69D1E0750E50024283E /* Debug */ = {
			isa = XCBuildConfiguration;
			buildSettings = {
				ALWAYS_SEARCH_USER_PATHS = NO;
				CLANG_ANALYZER_NONNULL = YES;
				CLANG_CXX_LANGUAGE_STANDARD = "gnu++0x";
				CLANG_CXX_LIBRARY = "libc++";
				CLANG_ENABLE_MODULES = YES;
				CLANG_ENABLE_OBJC_ARC = YES;
				CLANG_WARN_BOOL_CONVERSION = YES;
				CLANG_WARN_CONSTANT_CONVERSION = YES;
				CLANG_WARN_DIRECT_OBJC_ISA_USAGE = YES_ERROR;
				CLANG_WARN_DOCUMENTATION_COMMENTS = YES;
				CLANG_WARN_EMPTY_BODY = YES;
				CLANG_WARN_ENUM_CONVERSION = YES;
				CLANG_WARN_INFINITE_RECURSION = YES;
				CLANG_WARN_INT_CONVERSION = YES;
				CLANG_WARN_OBJC_ROOT_CLASS = YES_ERROR;
				CLANG_WARN_SUSPICIOUS_MOVE = YES;
				CLANG_WARN_UNREACHABLE_CODE = YES;
				CLANG_WARN__DUPLICATE_METHOD_MATCH = YES;
				"CODE_SIGN_IDENTITY[sdk=iphoneos*]" = "iPhone Developer";
				COPY_PHASE_STRIP = NO;
				DEBUG_INFORMATION_FORMAT = dwarf;
				ENABLE_STRICT_OBJC_MSGSEND = YES;
				ENABLE_TESTABILITY = YES;
				GCC_C_LANGUAGE_STANDARD = gnu99;
				GCC_DYNAMIC_NO_PIC = NO;
				GCC_NO_COMMON_BLOCKS = YES;
				GCC_OPTIMIZATION_LEVEL = 0;
				GCC_PREPROCESSOR_DEFINITIONS = (
					"DEBUG=1",
					"$(inherited)",
				);
				GCC_WARN_64_TO_32_BIT_CONVERSION = YES;
				GCC_WARN_ABOUT_RETURN_TYPE = YES_ERROR;
				GCC_WARN_UNDECLARED_SELECTOR = YES;
				GCC_WARN_UNINITIALIZED_AUTOS = YES_AGGRESSIVE;
				GCC_WARN_UNUSED_FUNCTION = YES;
				GCC_WARN_UNUSED_VARIABLE = YES;
				IPHONEOS_DEPLOYMENT_TARGET = 10.2;
				MTL_ENABLE_DEBUG_INFO = YES;
				ONLY_ACTIVE_ARCH = YES;
				SDKROOT = iphoneos;
				SWIFT_ACTIVE_COMPILATION_CONDITIONS = DEBUG;
				SWIFT_OPTIMIZATION_LEVEL = "-Onone";
				TARGETED_DEVICE_FAMILY = "1,2";
			};
			name = Debug;
		};
		6A90B69E1E0750E50024283E /* Release */ = {
			isa = XCBuildConfiguration;
			buildSettings = {
				ALWAYS_SEARCH_USER_PATHS = NO;
				CLANG_ANALYZER_NONNULL = YES;
				CLANG_CXX_LANGUAGE_STANDARD = "gnu++0x";
				CLANG_CXX_LIBRARY = "libc++";
				CLANG_ENABLE_MODULES = YES;
				CLANG_ENABLE_OBJC_ARC = YES;
				CLANG_WARN_BOOL_CONVERSION = YES;
				CLANG_WARN_CONSTANT_CONVERSION = YES;
				CLANG_WARN_DIRECT_OBJC_ISA_USAGE = YES_ERROR;
				CLANG_WARN_DOCUMENTATION_COMMENTS = YES;
				CLANG_WARN_EMPTY_BODY = YES;
				CLANG_WARN_ENUM_CONVERSION = YES;
				CLANG_WARN_INFINITE_RECURSION = YES;
				CLANG_WARN_INT_CONVERSION = YES;
				CLANG_WARN_OBJC_ROOT_CLASS = YES_ERROR;
				CLANG_WARN_SUSPICIOUS_MOVE = YES;
				CLANG_WARN_UNREACHABLE_CODE = YES;
				CLANG_WARN__DUPLICATE_METHOD_MATCH = YES;
				"CODE_SIGN_IDENTITY[sdk=iphoneos*]" = "iPhone Developer";
				COPY_PHASE_STRIP = NO;
				DEBUG_INFORMATION_FORMAT = "dwarf-with-dsym";
				ENABLE_NS_ASSERTIONS = NO;
				ENABLE_STRICT_OBJC_MSGSEND = YES;
				GCC_C_LANGUAGE_STANDARD = gnu99;
				GCC_NO_COMMON_BLOCKS = YES;
				GCC_WARN_64_TO_32_BIT_CONVERSION = YES;
				GCC_WARN_ABOUT_RETURN_TYPE = YES_ERROR;
				GCC_WARN_UNDECLARED_SELECTOR = YES;
				GCC_WARN_UNINITIALIZED_AUTOS = YES_AGGRESSIVE;
				GCC_WARN_UNUSED_FUNCTION = YES;
				GCC_WARN_UNUSED_VARIABLE = YES;
				IPHONEOS_DEPLOYMENT_TARGET = 10.2;
				MTL_ENABLE_DEBUG_INFO = NO;
				SDKROOT = iphoneos;
				SWIFT_OPTIMIZATION_LEVEL = "-Owholemodule";
				TARGETED_DEVICE_FAMILY = "1,2";
				VALIDATE_PRODUCT = YES;
			};
			name = Release;
		};
		6A90B6A01E0750E50024283E /* Debug */ = {
			isa = XCBuildConfiguration;
			buildSettings = {
				ASSETCATALOG_COMPILER_APPICON_NAME = AppIcon;
				DEVELOPMENT_TEAM = DGH5JX25RJ;
				INFOPLIST_FILE = "Jack The Giant/Info.plist";
				LD_RUNPATH_SEARCH_PATHS = "$(inherited) @executable_path/Frameworks";
				PRODUCT_BUNDLE_IDENTIFIER = "com.foxgamestudio.Jack-The-Giant";
				PRODUCT_NAME = "$(TARGET_NAME)";
				SWIFT_VERSION = 3.0;
			};
			name = Debug;
		};
		6A90B6A11E0750E50024283E /* Release */ = {
			isa = XCBuildConfiguration;
			buildSettings = {
				ASSETCATALOG_COMPILER_APPICON_NAME = AppIcon;
				DEVELOPMENT_TEAM = DGH5JX25RJ;
				INFOPLIST_FILE = "Jack The Giant/Info.plist";
				LD_RUNPATH_SEARCH_PATHS = "$(inherited) @executable_path/Frameworks";
				PRODUCT_BUNDLE_IDENTIFIER = "com.foxgamestudio.Jack-The-Giant";
				PRODUCT_NAME = "$(TARGET_NAME)";
				SWIFT_VERSION = 3.0;
			};
			name = Release;
		};
		6A90B6A31E0750E50024283E /* Debug */ = {
			isa = XCBuildConfiguration;
			buildSettings = {
				ALWAYS_EMBED_SWIFT_STANDARD_LIBRARIES = YES;
				BUNDLE_LOADER = "$(TEST_HOST)";
				DEVELOPMENT_TEAM = DGH5JX25RJ;
				INFOPLIST_FILE = "Jack The GiantTests/Info.plist";
				LD_RUNPATH_SEARCH_PATHS = "$(inherited) @executable_path/Frameworks @loader_path/Frameworks";
				PRODUCT_BUNDLE_IDENTIFIER = "com.foxgamestudio.Jack-The-GiantTests";
				PRODUCT_NAME = "$(TARGET_NAME)";
				SWIFT_VERSION = 3.0;
				TEST_HOST = "$(BUILT_PRODUCTS_DIR)/Jack The Giant.app/Jack The Giant";
			};
			name = Debug;
		};
		6A90B6A41E0750E50024283E /* Release */ = {
			isa = XCBuildConfiguration;
			buildSettings = {
				ALWAYS_EMBED_SWIFT_STANDARD_LIBRARIES = YES;
				BUNDLE_LOADER = "$(TEST_HOST)";
				DEVELOPMENT_TEAM = DGH5JX25RJ;
				INFOPLIST_FILE = "Jack The GiantTests/Info.plist";
				LD_RUNPATH_SEARCH_PATHS = "$(inherited) @executable_path/Frameworks @loader_path/Frameworks";
				PRODUCT_BUNDLE_IDENTIFIER = "com.foxgamestudio.Jack-The-GiantTests";
				PRODUCT_NAME = "$(TARGET_NAME)";
				SWIFT_VERSION = 3.0;
				TEST_HOST = "$(BUILT_PRODUCTS_DIR)/Jack The Giant.app/Jack The Giant";
			};
			name = Release;
		};
		6A90B6A61E0750E50024283E /* Debug */ = {
			isa = XCBuildConfiguration;
			buildSettings = {
				ALWAYS_EMBED_SWIFT_STANDARD_LIBRARIES = YES;
				DEVELOPMENT_TEAM = DGH5JX25RJ;
				INFOPLIST_FILE = "Jack The GiantUITests/Info.plist";
				LD_RUNPATH_SEARCH_PATHS = "$(inherited) @executable_path/Frameworks @loader_path/Frameworks";
				PRODUCT_BUNDLE_IDENTIFIER = "com.foxgamestudio.Jack-The-GiantUITests";
				PRODUCT_NAME = "$(TARGET_NAME)";
				SWIFT_VERSION = 3.0;
				TEST_TARGET_NAME = "Jack The Giant";
			};
			name = Debug;
		};
		6A90B6A71E0750E50024283E /* Release */ = {
			isa = XCBuildConfiguration;
			buildSettings = {
				ALWAYS_EMBED_SWIFT_STANDARD_LIBRARIES = YES;
				DEVELOPMENT_TEAM = DGH5JX25RJ;
				INFOPLIST_FILE = "Jack The GiantUITests/Info.plist";
				LD_RUNPATH_SEARCH_PATHS = "$(inherited) @executable_path/Frameworks @loader_path/Frameworks";
				PRODUCT_BUNDLE_IDENTIFIER = "com.foxgamestudio.Jack-The-GiantUITests";
				PRODUCT_NAME = "$(TARGET_NAME)";
				SWIFT_VERSION = 3.0;
				TEST_TARGET_NAME = "Jack The Giant";
			};
			name = Release;
		};
/* End XCBuildConfiguration section */

/* Begin XCConfigurationList section */
		6A90B66C1E0750E50024283E /* Build configuration list for PBXProject "Jack The Giant" */ = {
			isa = XCConfigurationList;
			buildConfigurations = (
				6A90B69D1E0750E50024283E /* Debug */,
				6A90B69E1E0750E50024283E /* Release */,
			);
			defaultConfigurationIsVisible = 0;
			defaultConfigurationName = Release;
		};
		6A90B69F1E0750E50024283E /* Build configuration list for PBXNativeTarget "Jack The Giant" */ = {
			isa = XCConfigurationList;
			buildConfigurations = (
				6A90B6A01E0750E50024283E /* Debug */,
				6A90B6A11E0750E50024283E /* Release */,
			);
			defaultConfigurationIsVisible = 0;
		};
		6A90B6A21E0750E50024283E /* Build configuration list for PBXNativeTarget "Jack The GiantTests" */ = {
			isa = XCConfigurationList;
			buildConfigurations = (
				6A90B6A31E0750E50024283E /* Debug */,
				6A90B6A41E0750E50024283E /* Release */,
			);
			defaultConfigurationIsVisible = 0;
		};
		6A90B6A51E0750E50024283E /* Build configuration list for PBXNativeTarget "Jack The GiantUITests" */ = {
			isa = XCConfigurationList;
			buildConfigurations = (
				6A90B6A61E0750E50024283E /* Debug */,
				6A90B6A71E0750E50024283E /* Release */,
			);
			defaultConfigurationIsVisible = 0;
		};
/* End XCConfigurationList section */
	};
	rootObject = 6A90B6691E0750E50024283E /* Project object */;
}
